// !$*UTF8*$!
{
	archiveVersion = 1;
	classes = {
	};
	objectVersion = 46;
	objects = {

/* Begin PBXBuildFile section */
		421989821D1C4BF600DEC97A /* AppDelegate.swift in Sources */ = {isa = PBXBuildFile; fileRef = 421989811D1C4BF600DEC97A /* AppDelegate.swift */; };
		421989841D1C4BF600DEC97A /* ViewController.swift in Sources */ = {isa = PBXBuildFile; fileRef = 421989831D1C4BF600DEC97A /* ViewController.swift */; };
		421989871D1C4BF600DEC97A /* Main.storyboard in Resources */ = {isa = PBXBuildFile; fileRef = 421989851D1C4BF600DEC97A /* Main.storyboard */; };
		421989891D1C4BF600DEC97A /* Assets.xcassets in Resources */ = {isa = PBXBuildFile; fileRef = 421989881D1C4BF600DEC97A /* Assets.xcassets */; };
		4219898C1D1C4BF600DEC97A /* LaunchScreen.storyboard in Resources */ = {isa = PBXBuildFile; fileRef = 4219898A1D1C4BF600DEC97A /* LaunchScreen.storyboard */; };
/* End PBXBuildFile section */

/* Begin PBXFileReference section */
		4219897E1D1C4BF600DEC97A /* Czacik.app */ = {isa = PBXFileReference; explicitFileType = wrapper.application; includeInIndex = 0; path = Czacik.app; sourceTree = BUILT_PRODUCTS_DIR; };
		421989811D1C4BF600DEC97A /* AppDelegate.swift */ = {isa = PBXFileReference; lastKnownFileType = sourcecode.swift; path = AppDelegate.swift; sourceTree = "<group>"; };
		421989831D1C4BF600DEC97A /* ViewController.swift */ = {isa = PBXFileReference; lastKnownFileType = sourcecode.swift; path = ViewController.swift; sourceTree = "<group>"; };
		421989861D1C4BF600DEC97A /* Base */ = {isa = PBXFileReference; lastKnownFileType = file.storyboard; name = Base; path = Base.lproj/Main.storyboard; sourceTree = "<group>"; };
		421989881D1C4BF600DEC97A /* Assets.xcassets */ = {isa = PBXFileReference; lastKnownFileType = folder.assetcatalog; path = Assets.xcassets; sourceTree = "<group>"; };
		4219898B1D1C4BF600DEC97A /* Base */ = {isa = PBXFileReference; lastKnownFileType = file.storyboard; name = Base; path = Base.lproj/LaunchScreen.storyboard; sourceTree = "<group>"; };
		4219898D1D1C4BF600DEC97A /* Info.plist */ = {isa = PBXFileReference; lastKnownFileType = text.plist.xml; path = Info.plist; sourceTree = "<group>"; };
/* End PBXFileReference section */

/* Begin PBXFrameworksBuildPhase section */
		4219897B1D1C4BF500DEC97A /* Frameworks */ = {
			isa = PBXFrameworksBuildPhase;
			buildActionMask = 2147483647;
			files = (
			);
			runOnlyForDeploymentPostprocessing = 0;
		};
/* End PBXFrameworksBuildPhase section */

/* Begin PBXGroup section */
		421989751D1C4BF400DEC97A = {
			isa = PBXGroup;
			children = (
				421989801D1C4BF600DEC97A /* Czacik */,
				4219897F1D1C4BF600DEC97A /* Products */,
			);
			sourceTree = "<group>";
		};
		4219897F1D1C4BF600DEC97A /* Products */ = {
			isa = PBXGroup;
			children = (
				4219897E1D1C4BF600DEC97A /* Czacik.app */,
			);
			name = Products;
			sourceTree = "<group>";
		};
		421989801D1C4BF600DEC97A /* Czacik */ = {
			isa = PBXGroup;
			children = (
				421989811D1C4BF600DEC97A /* AppDelegate.swift */,
				421989831D1C4BF600DEC97A /* ViewController.swift */,
				421989851D1C4BF600DEC97A /* Main.storyboard */,
				421989881D1C4BF600DEC97A /* Assets.xcassets */,
				4219898A1D1C4BF600DEC97A /* LaunchScreen.storyboard */,
				4219898D1D1C4BF600DEC97A /* Info.plist */,
			);
			path = Czacik;
			sourceTree = "<group>";
		};
/* End PBXGroup section */

/* Begin PBXNativeTarget section */
		4219897D1D1C4BF500DEC97A /* Czacik */ = {
			isa = PBXNativeTarget;
			buildConfigurationList = 421989901D1C4BF600DEC97A /* Build configuration list for PBXNativeTarget "Czacik" */;
			buildPhases = (
				4219897A1D1C4BF500DEC97A /* Sources */,
				4219897B1D1C4BF500DEC97A /* Frameworks */,
				4219897C1D1C4BF500DEC97A /* Resources */,
			);
			buildRules = (
			);
			dependencies = (
			);
			name = Czacik;
			productName = Czacik;
			productReference = 4219897E1D1C4BF600DEC97A /* Czacik.app */;
			productType = "com.apple.product-type.application";
		};
/* End PBXNativeTarget section */

/* Begin PBXProject section */
		421989761D1C4BF500DEC97A /* Project object */ = {
			isa = PBXProject;
			attributes = {
				LastSwiftUpdateCheck = 0730;
				LastUpgradeCheck = 0730;
				ORGANIZATIONNAME = "Kamil Wójcik";
				TargetAttributes = {
					4219897D1D1C4BF500DEC97A = {
						CreatedOnToolsVersion = 7.3;
					};
				};
			};
			buildConfigurationList = 421989791D1C4BF500DEC97A /* Build configuration list for PBXProject "Czacik" */;
			compatibilityVersion = "Xcode 3.2";
			developmentRegion = English;
			hasScannedForEncodings = 0;
			knownRegions = (
				en,
				Base,
			);
			mainGroup = 421989751D1C4BF400DEC97A;
			productRefGroup = 4219897F1D1C4BF600DEC97A /* Products */;
			projectDirPath = "";
			projectRoot = "";
			targets = (
				4219897D1D1C4BF500DEC97A /* Czacik */,
			);
		};
/* End PBXProject section */

/* Begin PBXResourcesBuildPhase section */
		4219897C1D1C4BF500DEC97A /* Resources */ = {
			isa = PBXResourcesBuildPhase;
			buildActionMask = 2147483647;
			files = (
				4219898C1D1C4BF600DEC97A /* LaunchScreen.storyboard in Resources */,
				421989891D1C4BF600DEC97A /* Assets.xcassets in Resources */,
				421989871D1C4BF600DEC97A /* Main.storyboard in Resources */,
			);
			runOnlyForDeploymentPostprocessing = 0;
		};
/* End PBXResourcesBuildPhase section */

/* Begin PBXSourcesBuildPhase section */
		4219897A1D1C4BF500DEC97A /* Sources */ = {
			isa = PBXSourcesBuildPhase;
			buildActionMask = 2147483647;
			files = (
				421989841D1C4BF600DEC97A /* ViewController.swift in Sources */,
				421989821D1C4BF600DEC97A /* AppDelegate.swift in Sources */,
			);
			runOnlyForDeploymentPostprocessing = 0;
		};
/* End PBXSourcesBuildPhase section */

/* Begin PBXVariantGroup section */
		421989851D1C4BF600DEC97A /* Main.storyboard */ = {
			isa = PBXVariantGroup;
			children = (
				421989861D1C4BF600DEC97A /* Base */,
			);
			name = Main.storyboard;
			sourceTree = "<group>";
		};
		4219898A1D1C4BF600DEC97A /* LaunchScreen.storyboard */ = {
			isa = PBXVariantGroup;
			children = (
				4219898B1D1C4BF600DEC97A /* Base */,
			);
			name = LaunchScreen.storyboard;
			sourceTree = "<group>";
		};
/* End PBXVariantGroup section */

/* Begin XCBuildConfiguration section */
		4219898E1D1C4BF600DEC97A /* Debug */ = {
			isa = XCBuildConfiguration;
			buildSettings = {
				ALWAYS_SEARCH_USER_PATHS = NO;
				CLANG_ANALYZER_NONNULL = YES;
				CLANG_CXX_LANGUAGE_STANDARD = "gnu++0x";
				CLANG_CXX_LIBRARY = "libc++";
				CLANG_ENABLE_MODULES = YES;
				CLANG_ENABLE_OBJC_ARC = YES;
				CLANG_WARN_BOOL_CONVERSION = YES;
				CLANG_WARN_CONSTANT_CONVERSION = YES;
				CLANG_WARN_DIRECT_OBJC_ISA_USAGE = YES_ERROR;
				CLANG_WARN_EMPTY_BODY = YES;
				CLANG_WARN_ENUM_CONVERSION = YES;
				CLANG_WARN_INT_CONVERSION = YES;
				CLANG_WARN_OBJC_ROOT_CLASS = YES_ERROR;
				CLANG_WARN_UNREACHABLE_CODE = YES;
				CLANG_WARN__DUPLICATE_METHOD_MATCH = YES;
				"CODE_SIGN_IDENTITY[sdk=iphoneos*]" = "iPhone Developer";
				COPY_PHASE_STRIP = NO;
				DEBUG_INFORMATION_FORMAT = dwarf;
				ENABLE_STRICT_OBJC_MSGSEND = YES;
				ENABLE_TESTABILITY = YES;
				GCC_C_LANGUAGE_STANDARD = gnu99;
				GCC_DYNAMIC_NO_PIC = NO;
				GCC_NO_COMMON_BLOCKS = YES;
				GCC_OPTIMIZATION_LEVEL = 0;
				GCC_PREPROCESSOR_DEFINITIONS = (
					"DEBUG=1",
					"$(inherited)",
				);
				GCC_WARN_64_TO_32_BIT_CONVERSION = YES;
				GCC_WARN_ABOUT_RETURN_TYPE = YES_ERROR;
				GCC_WARN_UNDECLARED_SELECTOR = YES;
				GCC_WARN_UNINITIALIZED_AUTOS = YES_AGGRESSIVE;
				GCC_WARN_UNUSED_FUNCTION = YES;
				GCC_WARN_UNUSED_VARIABLE = YES;
				IPHONEOS_DEPLOYMENT_TARGET = 9.3;
				MTL_ENABLE_DEBUG_INFO = YES;
				ONLY_ACTIVE_ARCH = YES;
				SDKROOT = iphoneos;
				SWIFT_OPTIMIZATION_LEVEL = "-Onone";
				TARGETED_DEVICE_FAMILY = "1,2";
			};
			name = Debug;
		};
		4219898F1D1C4BF600DEC97A /* Release */ = {
			isa = XCBuildConfiguration;
			buildSettings = {
				ALWAYS_SEARCH_USER_PATHS = NO;
				CLANG_ANALYZER_NONNULL = YES;
				CLANG_CXX_LANGUAGE_STANDARD = "gnu++0x";
				CLANG_CXX_LIBRARY = "libc++";
				CLANG_ENABLE_MODULES = YES;
				CLANG_ENABLE_OBJC_ARC = YES;
				CLANG_WARN_BOOL_CONVERSION = YES;
				CLANG_WARN_CONSTANT_CONVERSION = YES;
				CLANG_WARN_DIRECT_OBJC_ISA_USAGE = YES_ERROR;
				CLANG_WARN_EMPTY_BODY = YES;
				CLANG_WARN_ENUM_CONVERSION = YES;
				CLANG_WARN_INT_CONVERSION = YES;
				CLANG_WARN_OBJC_ROOT_CLASS = YES_ERROR;
				CLANG_WARN_UNREACHABLE_CODE = YES;
				CLANG_WARN__DUPLICATE_METHOD_MATCH = YES;
				"CODE_SIGN_IDENTITY[sdk=iphoneos*]" = "iPhone Developer";
				COPY_PHASE_STRIP = NO;
				DEBUG_INFORMATION_FORMAT = "dwarf-with-dsym";
				ENABLE_NS_ASSERTIONS = NO;
				ENABLE_STRICT_OBJC_MSGSEND = YES;
				GCC_C_LANGUAGE_STANDARD = gnu99;
				GCC_NO_COMMON_BLOCKS = YES;
				GCC_WARN_64_TO_32_BIT_CONVERSION = YES;
				GCC_WARN_ABOUT_RETURN_TYPE = YES_ERROR;
				GCC_WARN_UNDECLARED_SELECTOR = YES;
				GCC_WARN_UNINITIALIZED_AUTOS = YES_AGGRESSIVE;
				GCC_WARN_UNUSED_FUNCTION = YES;
				GCC_WARN_UNUSED_VARIABLE = YES;
				IPHONEOS_DEPLOYMENT_TARGET = 9.3;
				MTL_ENABLE_DEBUG_INFO = NO;
				SDKROOT = iphoneos;
				TARGETED_DEVICE_FAMILY = "1,2";
				VALIDATE_PRODUCT = YES;
			};
			name = Release;
		};
		421989911D1C4BF600DEC97A /* Debug */ = {
			isa = XCBuildConfiguration;
			buildSettings = {
				ASSETCATALOG_COMPILER_APPICON_NAME = AppIcon;
				INFOPLIST_FILE = Czacik/Info.plist;
				LD_RUNPATH_SEARCH_PATHS = "$(inherited) @executable_path/Frameworks";
				PRODUCT_BUNDLE_IDENTIFIER = none.Czacik;
				PRODUCT_NAME = "$(TARGET_NAME)";
			};
			name = Debug;
		};
		421989921D1C4BF600DEC97A /* Release */ = {
			isa = XCBuildConfiguration;
			buildSettings = {
				ASSETCATALOG_COMPILER_APPICON_NAME = AppIcon;
				INFOPLIST_FILE = Czacik/Info.plist;
				LD_RUNPATH_SEARCH_PATHS = "$(inherited) @executable_path/Frameworks";
				PRODUCT_BUNDLE_IDENTIFIER = none.Czacik;
				PRODUCT_NAME = "$(TARGET_NAME)";
			};
			name = Release;
		};
/* End XCBuildConfiguration section */

/* Begin XCConfigurationList section */
		421989791D1C4BF500DEC97A /* Build configuration list for PBXProject "Czacik" */ = {
			isa = XCConfigurationList;
			buildConfigurations = (
				4219898E1D1C4BF600DEC97A /* Debug */,
				4219898F1D1C4BF600DEC97A /* Release */,
			);
			defaultConfigurationIsVisible = 0;
			defaultConfigurationName = Release;
		};
		421989901D1C4BF600DEC97A /* Build configuration list for PBXNativeTarget "Czacik" */ = {
			isa = XCConfigurationList;
			buildConfigurations = (
				421989911D1C4BF600DEC97A /* Debug */,
				421989921D1C4BF600DEC97A /* Release */,
			);
			defaultConfigurationIsVisible = 0;
		};
/* End XCConfigurationList section */
	};
	rootObject = 421989761D1C4BF500DEC97A /* Project object */;
}
